
Microsoft Visual Studio Solution File, Format Version 11.00
# Visual C++ Express 2010
Project("{8BC9CEB8-8B4A-11D0-8D11-00A0C91BC942}") = "2DMinecraft", "2DMinecraft\2DMinecraft.vcxproj", "{AD80F1D1-0853-46D5-A4C6-A0B8B5DCDFCE}"
EndProject
Global
	GlobalSection(SolutionConfigurationPlatforms) = preSolution
		Debug|Win32 = Debug|Win32
		Release|Win32 = Release|Win32
	EndGlobalSection
	GlobalSection(ProjectConfigurationPlatforms) = postSolution
		{AD80F1D1-0853-46D5-A4C6-A0B8B5DCDFCE}.Debug|Win32.ActiveCfg = Debug|Win32
		{AD80F1D1-0853-46D5-A4C6-A0B8B5DCDFCE}.Debug|Win32.Build.0 = Debug|Win32
		{AD80F1D1-0853-46D5-A4C6-A0B8B5DCDFCE}.Release|Win32.ActiveCfg = Release|Win32
		{AD80F1D1-0853-46D5-A4C6-A0B8B5DCDFCE}.Release|Win32.Build.0 = Release|Win32
	EndGlobalSection
	GlobalSection(SolutionProperties) = preSolution
		HideSolutionNode = FALSE
	EndGlobalSection
EndGlobal
